
Microsoft Visual Studio Solution File, Format Version 12.00
# Visual Studio Version 17
VisualStudioVersion = 17.7.34031.279
MinimumVisualStudioVersion = 10.0.40219.1
Project("{9A19103F-16F7-4668-BE54-9A1E7A4F7556}") = "Task2", "Task2\Task2.csproj", "{84442E97-496C-455D-9353-AC4783D5F544}"
EndProject
Project("{9A19103F-16F7-4668-BE54-9A1E7A4F7556}") = "Task3", "Task3\Task3.csproj", "{8EAB9AA6-EA81-43AA-BE30-B523C1C47CB8}"
EndProject
Project("{9A19103F-16F7-4668-BE54-9A1E7A4F7556}") = "Task4", "Task4\Task4.csproj", "{71E57A17-B10B-40F9-B119-5D25D789698F}"
EndProject
Project("{FAE04EC0-301F-11D3-BF4B-00C04F79EFBC}") = "Task1", "Task1\Task1.csproj", "{6C81F481-32E5-4414-B3C2-4BC753448449}"
EndProject
Global
	GlobalSection(SolutionConfigurationPlatforms) = preSolution
		Debug|Any CPU = Debug|Any CPU
		Release|Any CPU = Release|Any CPU
	EndGlobalSection
	GlobalSection(ProjectConfigurationPlatforms) = postSolution
		{84442E97-496C-455D-9353-AC4783D5F544}.Debug|Any CPU.ActiveCfg = Debug|Any CPU
		{84442E97-496C-455D-9353-AC4783D5F544}.Debug|Any CPU.Build.0 = Debug|Any CPU
		{84442E97-496C-455D-9353-AC4783D5F544}.Release|Any CPU.ActiveCfg = Release|Any CPU
		{84442E97-496C-455D-9353-AC4783D5F544}.Release|Any CPU.Build.0 = Release|Any CPU
		{8EAB9AA6-EA81-43AA-BE30-B523C1C47CB8}.Debug|Any CPU.ActiveCfg = Debug|Any CPU
		{8EAB9AA6-EA81-43AA-BE30-B523C1C47CB8}.Debug|Any CPU.Build.0 = Debug|Any CPU
		{8EAB9AA6-EA81-43AA-BE30-B523C1C47CB8}.Release|Any CPU.ActiveCfg = Release|Any CPU
		{8EAB9AA6-EA81-43AA-BE30-B523C1C47CB8}.Release|Any CPU.Build.0 = Release|Any CPU
		{71E57A17-B10B-40F9-B119-5D25D789698F}.Debug|Any CPU.ActiveCfg = Debug|Any CPU
		{71E57A17-B10B-40F9-B119-5D25D789698F}.Debug|Any CPU.Build.0 = Debug|Any CPU
		{71E57A17-B10B-40F9-B119-5D25D789698F}.Release|Any CPU.ActiveCfg = Release|Any CPU
		{71E57A17-B10B-40F9-B119-5D25D789698F}.Release|Any CPU.Build.0 = Release|Any CPU
		{6C81F481-32E5-4414-B3C2-4BC753448449}.Debug|Any CPU.ActiveCfg = Debug|Any CPU
		{6C81F481-32E5-4414-B3C2-4BC753448449}.Debug|Any CPU.Build.0 = Debug|Any CPU
		{6C81F481-32E5-4414-B3C2-4BC753448449}.Release|Any CPU.ActiveCfg = Release|Any CPU
		{6C81F481-32E5-4414-B3C2-4BC753448449}.Release|Any CPU.Build.0 = Release|Any CPU
	EndGlobalSection
	GlobalSection(SolutionProperties) = preSolution
		HideSolutionNode = FALSE
	EndGlobalSection
	GlobalSection(ExtensibilityGlobals) = postSolution
		SolutionGuid = {51BB51C3-7A8D-4D13-A41B-F0D216E27E50}
	EndGlobalSection
EndGlobal
